
Microsoft Visual Studio Solution File, Format Version 12.00
# Visual Studio Version 17
VisualStudioVersion = 17.0.31903.59
MinimumVisualStudioVersion = 10.0.40219.1
Project("{2150E333-8FDC-42A3-9474-1A3956D46DE8}") = "src", "src", "{E61BFDE6-21D3-4257-951E-4AC81336D013}"
EndProject
Project("{FAE04EC0-301F-11D3-BF4B-00C04F79EFBC}") = "sc.Core", "src\sc.Core\sc.Core.csproj", "{CD6B9ED1-2443-4469-9958-6E9EAD4C9CCA}"
EndProject
Project("{FAE04EC0-301F-11D3-BF4B-00C04F79EFBC}") = "sc.Program", "src\sc.Program\sc.Program.csproj", "{714DB725-D143-47F8-81C0-CF532B8CA98E}"
EndProject
Project("{2150E333-8FDC-42A3-9474-1A3956D46DE8}") = "tests", "tests", "{C3003F60-5C65-47A9-B212-BB2AC90A898A}"
EndProject
Project("{FAE04EC0-301F-11D3-BF4B-00C04F79EFBC}") = "sc.Core.Tests", "tests\sc.Core.Tests\sc.Core.Tests.csproj", "{59471E5B-7524-4D0F-AA9B-DF3EE3BBC0C8}"
EndProject
Global
	GlobalSection(SolutionConfigurationPlatforms) = preSolution
		Debug|Any CPU = Debug|Any CPU
		Release|Any CPU = Release|Any CPU
	EndGlobalSection
	GlobalSection(SolutionProperties) = preSolution
		HideSolutionNode = FALSE
	EndGlobalSection
	GlobalSection(ProjectConfigurationPlatforms) = postSolution
		{CD6B9ED1-2443-4469-9958-6E9EAD4C9CCA}.Debug|Any CPU.ActiveCfg = Debug|Any CPU
		{CD6B9ED1-2443-4469-9958-6E9EAD4C9CCA}.Debug|Any CPU.Build.0 = Debug|Any CPU
		{CD6B9ED1-2443-4469-9958-6E9EAD4C9CCA}.Release|Any CPU.ActiveCfg = Release|Any CPU
		{CD6B9ED1-2443-4469-9958-6E9EAD4C9CCA}.Release|Any CPU.Build.0 = Release|Any CPU
		{714DB725-D143-47F8-81C0-CF532B8CA98E}.Debug|Any CPU.ActiveCfg = Debug|Any CPU
		{714DB725-D143-47F8-81C0-CF532B8CA98E}.Debug|Any CPU.Build.0 = Debug|Any CPU
		{714DB725-D143-47F8-81C0-CF532B8CA98E}.Release|Any CPU.ActiveCfg = Release|Any CPU
		{714DB725-D143-47F8-81C0-CF532B8CA98E}.Release|Any CPU.Build.0 = Release|Any CPU
		{59471E5B-7524-4D0F-AA9B-DF3EE3BBC0C8}.Debug|Any CPU.ActiveCfg = Debug|Any CPU
		{59471E5B-7524-4D0F-AA9B-DF3EE3BBC0C8}.Debug|Any CPU.Build.0 = Debug|Any CPU
		{59471E5B-7524-4D0F-AA9B-DF3EE3BBC0C8}.Release|Any CPU.ActiveCfg = Release|Any CPU
		{59471E5B-7524-4D0F-AA9B-DF3EE3BBC0C8}.Release|Any CPU.Build.0 = Release|Any CPU
	EndGlobalSection
	GlobalSection(NestedProjects) = preSolution
		{CD6B9ED1-2443-4469-9958-6E9EAD4C9CCA} = {E61BFDE6-21D3-4257-951E-4AC81336D013}
		{714DB725-D143-47F8-81C0-CF532B8CA98E} = {E61BFDE6-21D3-4257-951E-4AC81336D013}
		{59471E5B-7524-4D0F-AA9B-DF3EE3BBC0C8} = {C3003F60-5C65-47A9-B212-BB2AC90A898A}
	EndGlobalSection
EndGlobal
