Microsoft Visual Studio Solution File, Format Version 12.00
# Visual Studio Version 17
VisualStudioVersion = 17.5.2.0
MinimumVisualStudioVersion = 10.0.40219.1
Project("{FAE04EC0-301F-11D3-BF4B-00C04F79EFBC}") = "lizzy.Api", "lizzy.Api.csproj", "{AA8287DF-EDC6-2250-5710-33187F7FCDA2}"
EndProject
Global
	GlobalSection(SolutionConfigurationPlatforms) = preSolution
		Debug|Any CPU = Debug|Any CPU
		Release|Any CPU = Release|Any CPU
	EndGlobalSection
	GlobalSection(ProjectConfigurationPlatforms) = postSolution
		{AA8287DF-EDC6-2250-5710-33187F7FCDA2}.Debug|Any CPU.ActiveCfg = Debug|Any CPU
		{AA8287DF-EDC6-2250-5710-33187F7FCDA2}.Debug|Any CPU.Build.0 = Debug|Any CPU
		{AA8287DF-EDC6-2250-5710-33187F7FCDA2}.Release|Any CPU.ActiveCfg = Release|Any CPU
		{AA8287DF-EDC6-2250-5710-33187F7FCDA2}.Release|Any CPU.Build.0 = Release|Any CPU
	EndGlobalSection
	GlobalSection(SolutionProperties) = preSolution
		HideSolutionNode = FALSE
	EndGlobalSection
	GlobalSection(ExtensibilityGlobals) = postSolution
		SolutionGuid = {2E69CA88-5477-4AA3-A631-C42965CCE452}
	EndGlobalSection
EndGlobal
