
Microsoft Visual Studio Solution File, Format Version 12.00
# Visual Studio Version 17
VisualStudioVersion = 17.0.31903.59
MinimumVisualStudioVersion = 10.0.40219.1
Project("{2150E333-8FDC-42A3-9474-1A3956D46DE8}") = "src", "src", "{5DADA016-3D82-4572-BB87-98F6EE3C6018}"
EndProject
Project("{FAE04EC0-301F-11D3-BF4B-00C04F79EFBC}") = "SortTool.Program", "src\SortTool.Program\SortTool.Program.csproj", "{3B77EC5C-6440-47B7-B47B-69D942A97D38}"
EndProject
Project("{FAE04EC0-301F-11D3-BF4B-00C04F79EFBC}") = "SortTool.Core", "src\SortTool.Core\SortTool.Core.csproj", "{B4D2D68B-AC2A-4AF1-8CD7-6993CF4DF8C1}"
EndProject
Global
	GlobalSection(SolutionConfigurationPlatforms) = preSolution
		Debug|Any CPU = Debug|Any CPU
		Release|Any CPU = Release|Any CPU
	EndGlobalSection
	GlobalSection(SolutionProperties) = preSolution
		HideSolutionNode = FALSE
	EndGlobalSection
	GlobalSection(ProjectConfigurationPlatforms) = postSolution
		{3B77EC5C-6440-47B7-B47B-69D942A97D38}.Debug|Any CPU.ActiveCfg = Debug|Any CPU
		{3B77EC5C-6440-47B7-B47B-69D942A97D38}.Debug|Any CPU.Build.0 = Debug|Any CPU
		{3B77EC5C-6440-47B7-B47B-69D942A97D38}.Release|Any CPU.ActiveCfg = Release|Any CPU
		{3B77EC5C-6440-47B7-B47B-69D942A97D38}.Release|Any CPU.Build.0 = Release|Any CPU
		{B4D2D68B-AC2A-4AF1-8CD7-6993CF4DF8C1}.Debug|Any CPU.ActiveCfg = Debug|Any CPU
		{B4D2D68B-AC2A-4AF1-8CD7-6993CF4DF8C1}.Debug|Any CPU.Build.0 = Debug|Any CPU
		{B4D2D68B-AC2A-4AF1-8CD7-6993CF4DF8C1}.Release|Any CPU.ActiveCfg = Release|Any CPU
		{B4D2D68B-AC2A-4AF1-8CD7-6993CF4DF8C1}.Release|Any CPU.Build.0 = Release|Any CPU
	EndGlobalSection
	GlobalSection(NestedProjects) = preSolution
		{3B77EC5C-6440-47B7-B47B-69D942A97D38} = {5DADA016-3D82-4572-BB87-98F6EE3C6018}
		{B4D2D68B-AC2A-4AF1-8CD7-6993CF4DF8C1} = {5DADA016-3D82-4572-BB87-98F6EE3C6018}
	EndGlobalSection
EndGlobal
